{
  "requires": true,
  "lockfileVersion": 1,
  "dependencies": {
    "color.css": {
      "version": "0.0.0-beta.0",
      "resolved": "https://registry.npmjs.org/color.css/-/color.css-0.0.0-beta.0.tgz",
      "integrity": "sha512-scODCzXI/AbWy3gvh7KF2aUP3vLE6Q6j6Ljgy9sUAVrO4zsr1l6gy2bZ1HhDxjTe1l9o97O56iDwGib+3IwZDg=="
    },
    "layout.css": {
      "version": "1.0.0",
      "resolved": "https://registry.npmjs.org/layout.css/-/layout.css-1.0.0.tgz",
      "integrity": "sha1-lhMr40NV2XDB8h2J1oz9z6UgQH4="
    },
    "typography.css": {
      "version": "0.1.0",
      "resolved": "https://registry.npmjs.org/typography.css/-/typography.css-0.1.0.tgz",
      "integrity": "sha512-tfhvaO5gXUdlIq4i4dS7uDkr5RuYmmsz8NbewxJhDBP7YKY+XG+oLn+pinrNpCjW/gOu30URj6sCHrCSUr+vOw=="
    }
  }
}
